
Microsoft Visual Studio Solution File, Format Version 12.00
# Visual Studio Version 17
VisualStudioVersion = 17.5.33530.505
MinimumVisualStudioVersion = 10.0.40219.1
Project("{FAE04EC0-301F-11D3-BF4B-00C04F79EFBC}") = "KursAES", "KursAES.csproj", "{8D32EF4B-BDDC-4279-B2BA-27FB8EABBA8E}"
EndProject
Global
	GlobalSection(SolutionConfigurationPlatforms) = preSolution
		Debug|Any CPU = Debug|Any CPU
		Release|Any CPU = Release|Any CPU
	EndGlobalSection
	GlobalSection(ProjectConfigurationPlatforms) = postSolution
		{8D32EF4B-BDDC-4279-B2BA-27FB8EABBA8E}.Debug|Any CPU.ActiveCfg = Debug|Any CPU
		{8D32EF4B-BDDC-4279-B2BA-27FB8EABBA8E}.Debug|Any CPU.Build.0 = Debug|Any CPU
		{8D32EF4B-BDDC-4279-B2BA-27FB8EABBA8E}.Release|Any CPU.ActiveCfg = Release|Any CPU
		{8D32EF4B-BDDC-4279-B2BA-27FB8EABBA8E}.Release|Any CPU.Build.0 = Release|Any CPU
	EndGlobalSection
	GlobalSection(SolutionProperties) = preSolution
		HideSolutionNode = FALSE
	EndGlobalSection
	GlobalSection(ExtensibilityGlobals) = postSolution
		SolutionGuid = {1C743BA1-CB66-41D0-8C24-745DDADD0E92}
	EndGlobalSection
EndGlobal
